
Microsoft Visual Studio Solution File, Format Version 12.00
# Visual Studio 15
VisualStudioVersion = 15.0.28307.1622
MinimumVisualStudioVersion = 10.0.40219.1
Project("{FAE04EC0-301F-11D3-BF4B-00C04F79EFBC}") = "FinalExam", "FinalExam\FinalExam.csproj", "{E4C1D7D1-5D72-448D-BC9E-22FF2B53BD4B}"
EndProject
Global
	GlobalSection(SolutionConfigurationPlatforms) = preSolution
		Debug|Any CPU = Debug|Any CPU
		Release|Any CPU = Release|Any CPU
	EndGlobalSection
	GlobalSection(ProjectConfigurationPlatforms) = postSolution
		{E4C1D7D1-5D72-448D-BC9E-22FF2B53BD4B}.Debug|Any CPU.ActiveCfg = Debug|Any CPU
		{E4C1D7D1-5D72-448D-BC9E-22FF2B53BD4B}.Debug|Any CPU.Build.0 = Debug|Any CPU
		{E4C1D7D1-5D72-448D-BC9E-22FF2B53BD4B}.Release|Any CPU.ActiveCfg = Release|Any CPU
		{E4C1D7D1-5D72-448D-BC9E-22FF2B53BD4B}.Release|Any CPU.Build.0 = Release|Any CPU
	EndGlobalSection
	GlobalSection(SolutionProperties) = preSolution
		HideSolutionNode = FALSE
	EndGlobalSection
	GlobalSection(ExtensibilityGlobals) = postSolution
		SolutionGuid = {CBB0170E-9E48-46A2-A9AA-D5188471E3BA}
	EndGlobalSection
EndGlobal
