
Microsoft Visual Studio Solution File, Format Version 12.00
# Visual Studio 15
VisualStudioVersion = 15.0.28307.1622
MinimumVisualStudioVersion = 10.0.40219.1
Project("{FAE04EC0-301F-11D3-BF4B-00C04F79EFBC}") = "Stock_API", "Stock_API\Stock_API.csproj", "{BA83046B-5F49-4EA7-8F00-C1B02B10CD2A}"
EndProject
Global
	GlobalSection(SolutionConfigurationPlatforms) = preSolution
		Debug|Any CPU = Debug|Any CPU
		Release|Any CPU = Release|Any CPU
	EndGlobalSection
	GlobalSection(ProjectConfigurationPlatforms) = postSolution
		{BA83046B-5F49-4EA7-8F00-C1B02B10CD2A}.Debug|Any CPU.ActiveCfg = Debug|Any CPU
		{BA83046B-5F49-4EA7-8F00-C1B02B10CD2A}.Debug|Any CPU.Build.0 = Debug|Any CPU
		{BA83046B-5F49-4EA7-8F00-C1B02B10CD2A}.Release|Any CPU.ActiveCfg = Release|Any CPU
		{BA83046B-5F49-4EA7-8F00-C1B02B10CD2A}.Release|Any CPU.Build.0 = Release|Any CPU
	EndGlobalSection
	GlobalSection(SolutionProperties) = preSolution
		HideSolutionNode = FALSE
	EndGlobalSection
	GlobalSection(ExtensibilityGlobals) = postSolution
		SolutionGuid = {5A5D2CBB-0A9C-40C6-84FC-044F588FAB3F}
	EndGlobalSection
EndGlobal
